PS C:\Users\newaco\Desktop\Amity_Uni\Sem_6\Project\bca_project\bca_project\terraform> terraform apply  

Terraform used the selected providers to generate the following execution plan. Resource actions are indicated with the following 
symbols:
  + create

Terraform will perform the following actions:

  # aws_instance.bca_ec2 will be created
  + resource "aws_instance" "bca_ec2" {
      + ami                                  = "ami-0e6be795b21969e1d"
      + arn                                  = (known after apply)
      + associate_public_ip_address          = (known after apply)
      + availability_zone                    = (known after apply)
      + disable_api_stop                     = (known after apply)
      + disable_api_termination              = (known after apply)
      + ebs_optimized                        = (known after apply)
      + enable_primary_ipv6                  = (known after apply)
      + force_destroy                        = false
      + get_password_data                    = false
      + host_id                              = (known after apply)
      + host_resource_group_arn              = (known after apply)
      + iam_instance_profile                 = (known after apply)
      + id                                   = (known after apply)
      + instance_initiated_shutdown_behavior = (known after apply)
      + instance_lifecycle                   = (known after apply)
      + instance_state                       = (known after apply)
      + instance_type                        = "t2.micro"
      + ipv6_address_count                   = (known after apply)
      + ipv6_addresses                       = (known after apply)
      + key_name                             = "bca_project_DevOps"
      + monitoring                           = (known after apply)
      + outpost_arn                          = (known after apply)
      + password_data                        = (known after apply)
      + placement_group                      = (known after apply)
      + placement_group_id                   = (known after apply)
      + placement_partition_number           = (known after apply)
      + primary_network_interface_id         = (known after apply)
      + private_dns                          = (known after apply)
      + private_ip                           = (known after apply)
      + public_dns                           = (known after apply)
      + public_ip                            = (known after apply)
      + region                               = "us-west-1"
      + secondary_private_ips                = (known after apply)
      + security_groups                      = (known after apply)
      + source_dest_check                    = true
      + spot_instance_request_id             = (known after apply)
      + subnet_id                            = (known after apply)
      + tags                                 = {
          + "Name" = "ec2_project"
        }
      + tags_all                             = {
          + "Name" = "ec2_project"
        }
      + tenancy                              = (known after apply)
      + user_data                            = <<-EOT
            #!/bin/bash
            yum update -y
            sudo dnf install java-17-amazon-corretto -y
            sudo dnf install java-11-amazon-corretto -y
            java -version
            sudo wget -O /etc/yum.repos.d/jenkins.repo https://pkg.jenkins.io/redhat-stable/jenkins.repo
            sudo rpm --import https://pkg.jenkins.io/redhat-stable/jenkins.io-2023.key
            sudo dnf install jenkins -y
            sudo systemctl enable jenkins
            sudo systemctl start jenkins
        EOT
      + user_data_base64                     = (known after apply)
      + user_data_replace_on_change          = false
      + vpc_security_group_ids               = (known after apply)
    }

  # aws_key_pair.demo_pair will be created
  + resource "aws_key_pair" "demo_pair" {
      + arn             = (known after apply)
      + fingerprint     = (known after apply)
      + id              = (known after apply)
      + key_name        = "bca_project_DevOps"
      + key_name_prefix = (known after apply)
      + key_pair_id     = (known after apply)
      + key_type        = (known after apply)
      + public_key      = (known after apply)
      + region          = "us-west-1"
      + tags_all        = (known after apply)
    }

  # aws_security_group.bca_sg will be created
  + resource "aws_security_group" "bca_sg" {
      + arn                    = (known after apply)
      + description            = "Managed from terraform"
      + egress                 = (known after apply)
      + id                     = (known after apply)
      + ingress                = (known after apply)
      + name                   = "bca_project_DevOps_sg"
      + name_prefix            = (known after apply)
      + owner_id               = (known after apply)
      + region                 = "us-west-1"
      + revoke_rules_on_delete = false
      + tags_all               = (known after apply)
      + vpc_id                 = (known after apply)
    }

  # aws_vpc_security_group_egress_rule.allow_all_traffic_ipv4 will be created
  + resource "aws_vpc_security_group_egress_rule" "allow_all_traffic_ipv4" {
      + arn                    = (known after apply)
      + cidr_ipv4              = "0.0.0.0/0"
      + id                     = (known after apply)
      + ip_protocol            = "-1"
      + region                 = "us-west-1"
      + security_group_id      = (known after apply)
      + security_group_rule_id = (known after apply)
      + tags_all               = {}
    }

  # aws_vpc_security_group_ingress_rule.allow_ssh will be created
  + resource "aws_vpc_security_group_ingress_rule" "allow_ssh" {
      + arn                    = (known after apply)
      + cidr_ipv4              = "0.0.0.0/0"
      + from_port              = 22
      + id                     = (known after apply)
      + ip_protocol            = "tcp"
      + region                 = "us-west-1"
      + security_group_id      = (known after apply)
      + security_group_rule_id = (known after apply)
      + tags_all               = {}
      + to_port                = 22
    }

  # aws_vpc_security_group_ingress_rule.allow_tls_ipv4 will be created
  + resource "aws_vpc_security_group_ingress_rule" "allow_tls_ipv4" {
      + arn                    = (known after apply)
      + cidr_ipv4              = "0.0.0.0/0"
      + from_port              = 8080
      + id                     = (known after apply)
      + ip_protocol            = "tcp"
      + region                 = "us-west-1"
      + security_group_id      = (known after apply)
      + security_group_rule_id = (known after apply)
      + tags_all               = {}
      + to_port                = 8080
    }

  # local_file.private_key will be created
  + resource "local_file" "private_key" {
      + content              = (sensitive value)
      + content_base64sha256 = (known after apply)
      + content_base64sha512 = (known after apply)
      + content_md5          = (known after apply)
      + content_sha1         = (known after apply)
      + content_sha256       = (known after apply)
      + content_sha512       = (known after apply)
      + directory_permission = "0777"
      + file_permission      = "0777"
      + filename             = "bca_project_DevOps"
      + id                   = (known after apply)
    }

  # tls_private_key.rsa_4096 will be created
  + resource "tls_private_key" "rsa_4096" {
      + algorithm                     = "RSA"
      + ecdsa_curve                   = "P224"
      + id                            = (known after apply)
      + private_key_openssh           = (sensitive value)
      + private_key_pem               = (sensitive value)
      + private_key_pem_pkcs8         = (sensitive value)
      + public_key_fingerprint_md5    = (known after apply)
      + public_key_fingerprint_sha256 = (known after apply)
      + public_key_openssh            = (known after apply)
      + public_key_pem                = (known after apply)
      + rsa_bits                      = 4096
    }

Plan: 8 to add, 0 to change, 0 to destroy.

Changes to Outputs:
  + bca_ec2 = (known after apply)

Do you want to perform these actions?
  Terraform will perform the actions described above.
  Only 'yes' will be accepted to approve.

  Enter a value: yes

tls_private_key.rsa_4096: Creating...
tls_private_key.rsa_4096: Creation complete after 1s [id=8dcaabbc33229e764f6045871faa60debe3caec0]
local_file.private_key: Creating...
local_file.private_key: Creation complete after 0s [id=65af8b87e388020c2fded1206b58bf7e44c691ef]
aws_key_pair.demo_pair: Creating...
aws_security_group.bca_sg: Creating...
aws_key_pair.demo_pair: Creation complete after 2s [id=bca_project_DevOps]
aws_security_group.bca_sg: Creation complete after 4s [id=sg-0c30bec3be12b9f14]
aws_instance.bca_ec2: Creating...
aws_vpc_security_group_egress_rule.allow_all_traffic_ipv4: Creating...
aws_vpc_security_group_ingress_rule.allow_ssh: Creating...
aws_vpc_security_group_ingress_rule.allow_tls_ipv4: Creating...
aws_vpc_security_group_egress_rule.allow_all_traffic_ipv4: Creation complete after 1s [id=sgr-0fc36f2d9caee24ac]
aws_vpc_security_group_ingress_rule.allow_tls_ipv4: Creation complete after 1s [id=sgr-041ebf2b35ed45f76]
aws_vpc_security_group_ingress_rule.allow_ssh: Creation complete after 1s [id=sgr-0c6d6b71ec4abad0c]
aws_instance.bca_ec2: Still creating... [10s elapsed]
aws_instance.bca_ec2: Provisioning with 'remote-exec'...
aws_instance.bca_ec2 (remote-exec): Connecting to remote host via SSH...
aws_instance.bca_ec2 (remote-exec):   Host: 54.183.167.145
aws_instance.bca_ec2 (remote-exec):   User: ec2-user
aws_instance.bca_ec2 (remote-exec):   Password: false
aws_instance.bca_ec2 (remote-exec):   Private key: true
aws_instance.bca_ec2 (remote-exec):   Certificate: false
aws_instance.bca_ec2 (remote-exec):   SSH Agent: false
aws_instance.bca_ec2 (remote-exec):   Checking Host Key: false
aws_instance.bca_ec2 (remote-exec):   Target Platform: unix
aws_instance.bca_ec2: Still creating... [20s elapsed]
aws_instance.bca_ec2 (remote-exec): Connected!
aws_instance.bca_ec2 (remote-exec): Waiting for Jenkins setup...
aws_instance.bca_ec2: Still creating... [30s elapsed]
aws_instance.bca_ec2: Still creating... [40s elapsed]
aws_instance.bca_ec2 (remote-exec): Waiting for Jenkins setup...
aws_instance.bca_ec2: Still creating... [1m20s elapsed]
aws_instance.bca_ec2: Still creating... [1m30s elapsed]
aws_instance.bca_ec2: Still creating... [1m40s elapsed]
aws_instance.bca_ec2: Still creating... [1m50s elapsed]
aws_instance.bca_ec2: Still creating... [2m0s elapsed]
aws_instance.bca_ec2 (remote-exec): 976a672d4e5940e0b8ae32ca0e1305a3
aws_instance.bca_ec2: Creation complete after 2m9s [id=i-01c275a75869c7418]

Apply complete! Resources: 8 added, 0 changed, 0 destroyed.

Outputs:

bca_ec2 = "54.183.167.145"
