PS C:\Users\newaco\Desktop\Amity_Uni\Sem_6\Project\bca_project\bca_project\terraform> terraform apply  

Terraform used the selected providers to generate the following execution plan. Resource actions are indicated with the following 
symbols:
  + create

Terraform will perform the following actions:

  # aws_instance.bca_ec2 will be created
  + resource "aws_instance" "bca_ec2" {
      + ami                                  = "ami-0e6be795b21969e1d"
      + arn                                  = (known after apply)
      + associate_public_ip_address          = (known after apply)
      + availability_zone                    = (known after apply)
      + disable_api_stop                     = (known after apply)
      + disable_api_termination              = (known after apply)
      + ebs_optimized                        = (known after apply)
      + enable_primary_ipv6                  = (known after apply)
      + force_destroy                        = false
      + get_password_data                    = false
      + host_id                              = (known after apply)
      + host_resource_group_arn              = (known after apply)
      + iam_instance_profile                 = (known after apply)
      + id                                   = (known after apply)
      + instance_initiated_shutdown_behavior = (known after apply)
      + instance_lifecycle                   = (known after apply)
      + instance_state                       = (known after apply)
      + instance_type                        = "t2.micro"
      + ipv6_address_count                   = (known after apply)
      + ipv6_addresses                       = (known after apply)
      + key_name                             = "bca_project_DevOps"
      + monitoring                           = (known after apply)
      + outpost_arn                          = (known after apply)
      + password_data                        = (known after apply)
      + placement_group                      = (known after apply)
      + placement_group_id                   = (known after apply)
      + placement_partition_number           = (known after apply)
      + primary_network_interface_id         = (known after apply)
      + private_dns                          = (known after apply)
      + private_ip                           = (known after apply)
      + public_dns                           = (known after apply)
      + public_ip                            = (known after apply)
      + region                               = "us-west-1"
      + secondary_private_ips                = (known after apply)
      + security_groups                      = (known after apply)
      + source_dest_check                    = true
      + spot_instance_request_id             = (known after apply)
      + subnet_id                            = (known after apply)
      + tags                                 = {
          + "Name" = "ec2_project"
        }
      + tags_all                             = {
          + "Name" = "ec2_project"
        }
      + tenancy                              = (known after apply)
      + user_data                            = <<-EOT
            #!/bin/bash
            yum update -y
            sudo dnf install java-17-amazon-corretto -y
            sudo dnf install java-11-amazon-corretto -y
            sudo dnf install git -y
            java -version
            sudo wget -O /etc/yum.repos.d/jenkins.repo https://pkg.jenkins.io/redhat-stable/jenkins.repo
            sudo rpm --import https://pkg.jenkins.io/redhat-stable/jenkins.io-2023.key
            sudo dnf install jenkins -y
            sudo systemctl enable jenkins
            sudo systemctl start jenkins
        EOT
      + user_data_base64                     = (known after apply)
      + user_data_replace_on_change          = false
      + vpc_security_group_ids               = (known after apply)
    }

  # aws_key_pair.demo_pair will be created
  + resource "aws_key_pair" "demo_pair" {
      + arn             = (known after apply)
      + fingerprint     = (known after apply)
      + id              = (known after apply)
      + key_name        = "bca_project_DevOps"
      + key_name_prefix = (known after apply)
      + key_pair_id     = (known after apply)
      + key_type        = (known after apply)
      + public_key      = (known after apply)
      + region          = "us-west-1"
      + tags_all        = (known after apply)
    }

  # aws_security_group.bca_sg will be created
  + resource "aws_security_group" "bca_sg" {
      + arn                    = (known after apply)
      + description            = "Managed from terraform"
      + egress                 = (known after apply)
      + id                     = (known after apply)
      + ingress                = (known after apply)
      + name                   = "bca_project_DevOps_sg"
      + name_prefix            = (known after apply)
      + owner_id               = (known after apply)
      + region                 = "us-west-1"
      + revoke_rules_on_delete = false
      + tags_all               = (known after apply)
      + vpc_id                 = (known after apply)
    }

  # aws_vpc_security_group_egress_rule.allow_all_traffic_ipv4 will be created
  + resource "aws_vpc_security_group_egress_rule" "allow_all_traffic_ipv4" {
      + arn                    = (known after apply)
      + cidr_ipv4              = "0.0.0.0/0"
      + id                     = (known after apply)
      + ip_protocol            = "-1"
      + region                 = "us-west-1"
      + security_group_id      = (known after apply)
      + security_group_rule_id = (known after apply)
      + tags_all               = {}
    }

  # aws_vpc_security_group_ingress_rule.allow_ssh will be created
  + resource "aws_vpc_security_group_ingress_rule" "allow_ssh" {
      + arn                    = (known after apply)
      + cidr_ipv4              = "0.0.0.0/0"
      + from_port              = 22
      + id                     = (known after apply)
      + ip_protocol            = "tcp"
      + region                 = "us-west-1"
      + security_group_id      = (known after apply)
      + security_group_rule_id = (known after apply)
      + tags_all               = {}
      + to_port                = 22
    }

  # aws_vpc_security_group_ingress_rule.allow_tls_ipv4 will be created
  + resource "aws_vpc_security_group_ingress_rule" "allow_tls_ipv4" {
      + arn                    = (known after apply)
      + cidr_ipv4              = "0.0.0.0/0"
      + from_port              = 8080
      + id                     = (known after apply)
      + ip_protocol            = "tcp"
      + region                 = "us-west-1"
      + security_group_id      = (known after apply)
      + security_group_rule_id = (known after apply)
      + tags_all               = {}
      + to_port                = 8080
    }

  # local_file.private_key will be created
  + resource "local_file" "private_key" {
      + content              = (sensitive value)
      + content_base64sha256 = (known after apply)
      + content_base64sha512 = (known after apply)
      + content_md5          = (known after apply)
      + content_sha1         = (known after apply)
      + content_sha256       = (known after apply)
      + content_sha512       = (known after apply)
      + directory_permission = "0777"
      + file_permission      = "0777"
      + filename             = "bca_project_DevOps"
      + id                   = (known after apply)
    }

  # tls_private_key.rsa_4096 will be created
  + resource "tls_private_key" "rsa_4096" {
      + algorithm                     = "RSA"
      + ecdsa_curve                   = "P224"
      + id                            = (known after apply)
      + private_key_openssh           = (sensitive value)
      + private_key_pem               = (sensitive value)
      + private_key_pem_pkcs8         = (sensitive value)
      + public_key_fingerprint_md5    = (known after apply)
      + public_key_fingerprint_sha256 = (known after apply)
      + public_key_openssh            = (known after apply)
      + public_key_pem                = (known after apply)
      + rsa_bits                      = 4096
    }

Plan: 8 to add, 0 to change, 0 to destroy.

Changes to Outputs:
  + bca_ec2 = (known after apply)

Do you want to perform these actions?
  Terraform will perform the actions described above.
  Only 'yes' will be accepted to approve.

  Enter a value: yes

tls_private_key.rsa_4096: Creating...
tls_private_key.rsa_4096: Creation complete after 1s [id=37cb2104313828243d9b6c51ecf33af828cc10ad]
local_file.private_key: Creating...
local_file.private_key: Creation complete after 0s [id=09b67390261a2157822de7008b105e2895611488]
aws_key_pair.demo_pair: Creating...
aws_security_group.bca_sg: Creating...
aws_key_pair.demo_pair: Creation complete after 2s [id=bca_project_DevOps]
aws_security_group.bca_sg: Creation complete after 5s [id=sg-0e19f488b81ea5c80]
aws_instance.bca_ec2: Creating...
aws_vpc_security_group_ingress_rule.allow_ssh: Creating...
aws_vpc_security_group_egress_rule.allow_all_traffic_ipv4: Creating...
aws_vpc_security_group_ingress_rule.allow_tls_ipv4: Creating...
aws_vpc_security_group_egress_rule.allow_all_traffic_ipv4: Creation complete after 0s [id=sgr-0a68b5b5884bc0f88]
aws_vpc_security_group_ingress_rule.allow_ssh: Creation complete after 1s [id=sgr-0b15aaf08badcf31a]
aws_vpc_security_group_ingress_rule.allow_tls_ipv4: Creation complete after 1s [id=sgr-0042b2747d6781309]
aws_instance.bca_ec2: Still creating... [10s elapsed]
aws_instance.bca_ec2: Still creating... [20s elapsed]
aws_instance.bca_ec2: Still creating... [30s elapsed]
aws_instance.bca_ec2: Provisioning with 'remote-exec'...
aws_instance.bca_ec2 (remote-exec): Connecting to remote host via SSH...
aws_instance.bca_ec2 (remote-exec):   Host: 54.241.138.232
aws_instance.bca_ec2 (remote-exec):   User: ec2-user
aws_instance.bca_ec2 (remote-exec):   Password: false
aws_instance.bca_ec2 (remote-exec):   Private key: true
aws_instance.bca_ec2 (remote-exec):   Certificate: false
aws_instance.bca_ec2 (remote-exec):   SSH Agent: false
aws_instance.bca_ec2 (remote-exec):   Checking Host Key: false
aws_instance.bca_ec2 (remote-exec):   Target Platform: unix
aws_instance.bca_ec2 (remote-exec): Connected!
aws_instance.bca_ec2: Still creating... [40s elapsed]
aws_instance.bca_ec2 (remote-exec): Waiting for Jenkins setup...
aws_instance.bca_ec2: Still creating... [50s elapsed]
aws_instance.bca_ec2: Still creating... [1m0s elapsed]
aws_instance.bca_ec2: Still creating... [1m10s elapsed]
aws_instance.bca_ec2: Still creating... [1m20s elapsed]
aws_instance.bca_ec2: Still creating... [1m30s elapsed]
aws_instance.bca_ec2 (remote-exec): Waiting for Jenkins setup...
aws_instance.bca_ec2: Still creating... [1m40s elapsed]
aws_instance.bca_ec2: Still creating... [1m50s elapsed]
aws_instance.bca_ec2: Still creating... [2m0s elapsed]
aws_instance.bca_ec2: Still creating... [2m10s elapsed]
aws_instance.bca_ec2: Still creating... [2m20s elapsed]
aws_instance.bca_ec2 (remote-exec): 81dff9c08ab249c2b959f2469cc54ddc
aws_instance.bca_ec2 (remote-exec): --2025-11-06 08:22:51--  https://dlcdn.apache.org/maven/maven-3/3.9.11/binaries/apache-maven-3.9.11-bin.tar.gz
aws_instance.bca_ec2 (remote-exec): Resolving dlcdn.apache.org (dlcdn.apache.org)... 151.101.2.132, 2a04:4e42::644
aws_instance.bca_ec2 (remote-exec): Connecting to dlcdn.apache.org (dlcdn.apache.org)|151.101.2.132|:443... connected.
aws_instance.bca_ec2 (remote-exec): HTTP request sent, awaiting response... 200 OK
aws_instance.bca_ec2 (remote-exec): Length: 9160848 (8.7M) [application/x-gzip]
aws_instance.bca_ec2 (remote-exec): Saving to: ‘apache-maven-3.9.11-bin.tar.gz’

aws_instance.bca_ec2 (remote-exec):       apache   0%       0  --.-KB/s
aws_instance.bca_ec2 (remote-exec): apache-maven 100%   8.74M  --.-KB/s    in 0.06s

aws_instance.bca_ec2 (remote-exec): 2025-11-06 08:22:51 (138 MB/s) - ‘apache-maven-3.9.11-bin.tar.gz’ saved [9160848/9160848]     

aws_instance.bca_ec2 (remote-exec): apache-maven-3.9.11/README.txt
aws_instance.bca_ec2 (remote-exec): apache-maven-3.9.11/LICENSE
aws_instance.bca_ec2 (remote-exec): apache-maven-3.9.11/NOTICE
aws_instance.bca_ec2 (remote-exec): apache-maven-3.9.11/lib/
aws_instance.bca_ec2 (remote-exec): apache-maven-3.9.11/lib/aopalliance.license
aws_instance.bca_ec2 (remote-exec): apache-maven-3.9.11/lib/asm.license
aws_instance.bca_ec2 (remote-exec): apache-maven-3.9.11/lib/commons-cli.license
aws_instance.bca_ec2 (remote-exec): apache-maven-3.9.11/lib/commons-codec.license
aws_instance.bca_ec2 (remote-exec): apache-maven-3.9.11/lib/error_prone_annotations.license
aws_instance.bca_ec2 (remote-exec): apache-maven-3.9.11/lib/failureaccess.license
aws_instance.bca_ec2 (remote-exec): apache-maven-3.9.11/lib/gson.license
aws_instance.bca_ec2 (remote-exec): apache-maven-3.9.11/lib/guava.license
aws_instance.bca_ec2 (remote-exec): apache-maven-3.9.11/lib/guice.license
aws_instance.bca_ec2 (remote-exec): apache-maven-3.9.11/lib/httpclient.license
aws_instance.bca_ec2 (remote-exec): apache-maven-3.9.11/lib/httpcore.license
aws_instance.bca_ec2 (remote-exec): apache-maven-3.9.11/lib/jansi.license
aws_instance.bca_ec2 (remote-exec): apache-maven-3.9.11/lib/javax.annotation-api.license
aws_instance.bca_ec2 (remote-exec): apache-maven-3.9.11/lib/javax.inject.license
aws_instance.bca_ec2 (remote-exec): apache-maven-3.9.11/lib/jcl-over-slf4j.license
aws_instance.bca_ec2 (remote-exec): apache-maven-3.9.11/lib/jspecify.license
aws_instance.bca_ec2 (remote-exec): apache-maven-3.9.11/lib/org.eclipse.sisu.inject.license
aws_instance.bca_ec2 (remote-exec): apache-maven-3.9.11/lib/org.eclipse.sisu.plexus.license
aws_instance.bca_ec2 (remote-exec): apache-maven-3.9.11/lib/plexus-cipher.license
aws_instance.bca_ec2 (remote-exec): apache-maven-3.9.11/lib/plexus-component-annotations.license
aws_instance.bca_ec2 (remote-exec): apache-maven-3.9.11/lib/plexus-interpolation.license
aws_instance.bca_ec2 (remote-exec): apache-maven-3.9.11/lib/plexus-sec-dispatcher.license
aws_instance.bca_ec2 (remote-exec): apache-maven-3.9.11/lib/plexus-utils.license
aws_instance.bca_ec2 (remote-exec): apache-maven-3.9.11/lib/slf4j-api.license
aws_instance.bca_ec2 (remote-exec): apache-maven-3.9.11/boot/
aws_instance.bca_ec2 (remote-exec): apache-maven-3.9.11/boot/plexus-classworlds.license
aws_instance.bca_ec2 (remote-exec): apache-maven-3.9.11/lib/jansi-native/
aws_instance.bca_ec2 (remote-exec): apache-maven-3.9.11/lib/jansi-native/Windows/
aws_instance.bca_ec2 (remote-exec): apache-maven-3.9.11/lib/jansi-native/Windows/arm64/
aws_instance.bca_ec2 (remote-exec): apache-maven-3.9.11/lib/jansi-native/Windows/x86/
aws_instance.bca_ec2 (remote-exec): apache-maven-3.9.11/lib/jansi-native/Windows/x86_64/
aws_instance.bca_ec2 (remote-exec): apache-maven-3.9.11/lib/jansi-native/Windows/arm64/jansi.dll
aws_instance.bca_ec2 (remote-exec): apache-maven-3.9.11/lib/jansi-native/Windows/x86/jansi.dll
aws_instance.bca_ec2 (remote-exec): apache-maven-3.9.11/lib/jansi-native/Windows/x86_64/jansi.dll
aws_instance.bca_ec2 (remote-exec): apache-maven-3.9.11/bin/m2.conf
aws_instance.bca_ec2 (remote-exec): apache-maven-3.9.11/bin/mvn.cmd
aws_instance.bca_ec2 (remote-exec): apache-maven-3.9.11/bin/mvnDebug.cmd
aws_instance.bca_ec2 (remote-exec): apache-maven-3.9.11/bin/mvn
aws_instance.bca_ec2 (remote-exec): apache-maven-3.9.11/bin/mvnDebug
aws_instance.bca_ec2 (remote-exec): apache-maven-3.9.11/bin/mvnyjp
aws_instance.bca_ec2 (remote-exec): apache-maven-3.9.11/conf/
aws_instance.bca_ec2 (remote-exec): apache-maven-3.9.11/conf/logging/
aws_instance.bca_ec2 (remote-exec): apache-maven-3.9.11/conf/logging/simplelogger.properties
aws_instance.bca_ec2 (remote-exec): apache-maven-3.9.11/conf/settings.xml
aws_instance.bca_ec2 (remote-exec): apache-maven-3.9.11/conf/toolchains.xml
aws_instance.bca_ec2 (remote-exec): apache-maven-3.9.11/lib/ext/
aws_instance.bca_ec2 (remote-exec): apache-maven-3.9.11/lib/ext/hazelcast/
aws_instance.bca_ec2 (remote-exec): apache-maven-3.9.11/lib/ext/redisson/
aws_instance.bca_ec2 (remote-exec): apache-maven-3.9.11/lib/jansi-native/
aws_instance.bca_ec2 (remote-exec): apache-maven-3.9.11/lib/ext/README.txt
aws_instance.bca_ec2 (remote-exec): apache-maven-3.9.11/lib/ext/hazelcast/README.txt
aws_instance.bca_ec2 (remote-exec): apache-maven-3.9.11/lib/ext/redisson/README.txt
aws_instance.bca_ec2 (remote-exec): apache-maven-3.9.11/lib/jansi-native/README.txt
aws_instance.bca_ec2 (remote-exec): apache-maven-3.9.11/boot/plexus-classworlds-2.9.0.jar
aws_instance.bca_ec2 (remote-exec): apache-maven-3.9.11/lib/jcl-over-slf4j-1.7.36.jar
aws_instance.bca_ec2 (remote-exec): apache-maven-3.9.11/lib/aopalliance-1.0.jar
aws_instance.bca_ec2 (remote-exec): apache-maven-3.9.11/lib/maven-resolver-connector-basic-1.9.24.jar
aws_instance.bca_ec2 (remote-exec): apache-maven-3.9.11/lib/maven-settings-builder-3.9.11.jar
aws_instance.bca_ec2 (remote-exec): apache-maven-3.9.11/lib/maven-artifact-3.9.11.jar
aws_instance.bca_ec2 (remote-exec): apache-maven-3.9.11/lib/maven-compat-3.9.11.jar
aws_instance.bca_ec2 (remote-exec): apache-maven-3.9.11/lib/slf4j-api-1.7.36.jar
aws_instance.bca_ec2 (remote-exec): apache-maven-3.9.11/lib/org.eclipse.sisu.inject-0.9.0.M4.jar
aws_instance.bca_ec2 (remote-exec): apache-maven-3.9.11/lib/jspecify-1.0.0.jar
aws_instance.bca_ec2 (remote-exec): apache-maven-3.9.11/lib/wagon-provider-api-3.5.3.jar
aws_instance.bca_ec2 (remote-exec): apache-maven-3.9.11/lib/guice-5.1.0-classes.jar
aws_instance.bca_ec2 (remote-exec): apache-maven-3.9.11/lib/maven-slf4j-provider-3.9.11.jar
aws_instance.bca_ec2 (remote-exec): apache-maven-3.9.11/lib/maven-resolver-named-locks-1.9.24.jar
aws_instance.bca_ec2 (remote-exec): apache-maven-3.9.11/lib/javax.annotation-api-1.3.2.jar
aws_instance.bca_ec2 (remote-exec): apache-maven-3.9.11/lib/commons-codec-1.18.0.jar
aws_instance.bca_ec2 (remote-exec): apache-maven-3.9.11/lib/maven-resolver-transport-http-1.9.24.jar
aws_instance.bca_ec2 (remote-exec): apache-maven-3.9.11/lib/maven-resolver-spi-1.9.24.jar
aws_instance.bca_ec2 (remote-exec): apache-maven-3.9.11/lib/httpcore-4.4.16.jar
aws_instance.bca_ec2 (remote-exec): apache-maven-3.9.11/lib/wagon-http-3.5.3.jar
aws_instance.bca_ec2 (remote-exec): apache-maven-3.9.11/lib/org.eclipse.sisu.plexus-0.9.0.M4.jar
aws_instance.bca_ec2 (remote-exec): apache-maven-3.9.11/lib/jansi-2.4.2.jar
aws_instance.bca_ec2 (remote-exec): apache-maven-3.9.11/lib/maven-resolver-transport-file-1.9.24.jar
aws_instance.bca_ec2 (remote-exec): apache-maven-3.9.11/lib/maven-plugin-api-3.9.11.jar
aws_instance.bca_ec2 (remote-exec): apache-maven-3.9.11/lib/plexus-interpolation-1.28.jar
aws_instance.bca_ec2 (remote-exec): apache-maven-3.9.11/lib/maven-resolver-transport-wagon-1.9.24.jar
aws_instance.bca_ec2 (remote-exec): apache-maven-3.9.11/lib/plexus-utils-3.6.0.jar
aws_instance.bca_ec2 (remote-exec): apache-maven-3.9.11/lib/plexus-cipher-2.0.jar
aws_instance.bca_ec2 (remote-exec): apache-maven-3.9.11/lib/plexus-sec-dispatcher-2.0.jar
aws_instance.bca_ec2 (remote-exec): apache-maven-3.9.11/lib/maven-resolver-provider-3.9.11.jar
aws_instance.bca_ec2 (remote-exec): apache-maven-3.9.11/lib/maven-shared-utils-3.4.2.jar
aws_instance.bca_ec2 (remote-exec): apache-maven-3.9.11/lib/wagon-file-3.5.3.jar
aws_instance.bca_ec2 (remote-exec): apache-maven-3.9.11/lib/guava-33.4.8-jre.jar
aws_instance.bca_ec2 (remote-exec): apache-maven-3.9.11/lib/gson-2.13.1.jar
aws_instance.bca_ec2 (remote-exec): apache-maven-3.9.11/lib/asm-9.8.jar
aws_instance.bca_ec2 (remote-exec): apache-maven-3.9.11/lib/maven-resolver-api-1.9.24.jar
aws_instance.bca_ec2 (remote-exec): apache-maven-3.9.11/lib/maven-resolver-util-1.9.24.jar
aws_instance.bca_ec2 (remote-exec): apache-maven-3.9.11/lib/maven-embedder-3.9.11.jar
aws_instance.bca_ec2 (remote-exec): apache-maven-3.9.11/lib/maven-settings-3.9.11.jar
aws_instance.bca_ec2 (remote-exec): apache-maven-3.9.11/lib/error_prone_annotations-2.38.0.jar
aws_instance.bca_ec2 (remote-exec): apache-maven-3.9.11/lib/plexus-component-annotations-2.2.0.jar
aws_instance.bca_ec2 (remote-exec): apache-maven-3.9.11/lib/javax.inject-1.jar
aws_instance.bca_ec2 (remote-exec): apache-maven-3.9.11/lib/maven-model-3.9.11.jar
aws_instance.bca_ec2 (remote-exec): apache-maven-3.9.11/lib/failureaccess-1.0.3.jar
aws_instance.bca_ec2 (remote-exec): apache-maven-3.9.11/lib/maven-builder-support-3.9.11.jar
aws_instance.bca_ec2 (remote-exec): apache-maven-3.9.11/lib/maven-repository-metadata-3.9.11.jar
aws_instance.bca_ec2 (remote-exec): apache-maven-3.9.11/lib/maven-resolver-impl-1.9.24.jar
aws_instance.bca_ec2 (remote-exec): apache-maven-3.9.11/lib/wagon-http-shared-3.5.3.jar
aws_instance.bca_ec2 (remote-exec): apache-maven-3.9.11/lib/httpclient-4.5.14.jar
aws_instance.bca_ec2 (remote-exec): apache-maven-3.9.11/lib/maven-core-3.9.11.jar
aws_instance.bca_ec2 (remote-exec): apache-maven-3.9.11/lib/commons-cli-1.9.0.jar
aws_instance.bca_ec2 (remote-exec): apache-maven-3.9.11/lib/maven-model-builder-3.9.11.jar
aws_instance.bca_ec2 (remote-exec): Apache Maven 3.9.11 (3e54c93a704957b63ee3494413a2b544fd3d825b)
aws_instance.bca_ec2 (remote-exec): Maven home: /opt/maven
aws_instance.bca_ec2 (remote-exec): Java version: 17.0.17, vendor: Amazon.com Inc., runtime: /usr/lib/jvm/java-17-amazon-corretto.x86_64
aws_instance.bca_ec2 (remote-exec): Default locale: en, platform encoding: UTF-8
aws_instance.bca_ec2 (remote-exec): OS name: "linux", version: "6.1.156-177.286.amzn2023.x86_64", arch: "amd64", family: "unix"   
aws_instance.bca_ec2 (remote-exec): 
aws_instance.bca_ec2: Creation complete after 2m24s [id=i-0b810bf95a72a1ba7]

Apply complete! Resources: 8 added, 0 changed, 0 destroyed.

Outputs:

bca_ec2 = "54.241.138.232"
